
Microsoft Visual Studio Solution File, Format Version 12.00
# Visual Studio Version 17
VisualStudioVersion = 17.14.36705.20 d17.14
MinimumVisualStudioVersion = 10.0.40219.1
Project("{FAE04EC0-301F-11D3-BF4B-00C04F79EFBC}") = "WebAPIPersonajes", "WebAPIPersonajes\WebAPIPersonajes.csproj", "{351D98AB-360F-4A63-A623-6B1C4AC13E2A}"
EndProject
Global
	GlobalSection(SolutionConfigurationPlatforms) = preSolution
		Debug|Any CPU = Debug|Any CPU
		Release|Any CPU = Release|Any CPU
	EndGlobalSection
	GlobalSection(ProjectConfigurationPlatforms) = postSolution
		{351D98AB-360F-4A63-A623-6B1C4AC13E2A}.Debug|Any CPU.ActiveCfg = Debug|Any CPU
		{351D98AB-360F-4A63-A623-6B1C4AC13E2A}.Debug|Any CPU.Build.0 = Debug|Any CPU
		{351D98AB-360F-4A63-A623-6B1C4AC13E2A}.Release|Any CPU.ActiveCfg = Release|Any CPU
		{351D98AB-360F-4A63-A623-6B1C4AC13E2A}.Release|Any CPU.Build.0 = Release|Any CPU
	EndGlobalSection
	GlobalSection(SolutionProperties) = preSolution
		HideSolutionNode = FALSE
	EndGlobalSection
	GlobalSection(ExtensibilityGlobals) = postSolution
		SolutionGuid = {C227DCE9-F226-4728-BAA6-21FC2071B287}
	EndGlobalSection
EndGlobal
